
Microsoft Visual Studio Solution File, Format Version 12.00
# Visual Studio Version 17
VisualStudioVersion = 17.8.34330.188
MinimumVisualStudioVersion = 10.0.40219.1
Project("{FAE04EC0-301F-11D3-BF4B-00C04F79EFBC}") = "ConsoleApp0325", "ConsoleApp0325.csproj", "{EF67E890-50E4-4342-8842-DBFAFFD1C352}"
EndProject
Global
	GlobalSection(SolutionConfigurationPlatforms) = preSolution
		Debug|Any CPU = Debug|Any CPU
		Release|Any CPU = Release|Any CPU
	EndGlobalSection
	GlobalSection(ProjectConfigurationPlatforms) = postSolution
		{EF67E890-50E4-4342-8842-DBFAFFD1C352}.Debug|Any CPU.ActiveCfg = Debug|Any CPU
		{EF67E890-50E4-4342-8842-DBFAFFD1C352}.Debug|Any CPU.Build.0 = Debug|Any CPU
		{EF67E890-50E4-4342-8842-DBFAFFD1C352}.Release|Any CPU.ActiveCfg = Release|Any CPU
		{EF67E890-50E4-4342-8842-DBFAFFD1C352}.Release|Any CPU.Build.0 = Release|Any CPU
	EndGlobalSection
	GlobalSection(SolutionProperties) = preSolution
		HideSolutionNode = FALSE
	EndGlobalSection
	GlobalSection(ExtensibilityGlobals) = postSolution
		SolutionGuid = {5418AD5B-544D-4527-9705-0EB806114BE0}
	EndGlobalSection
EndGlobal
